// !$*UTF8*$!
{
	archiveVersion = 1;
	classes = {
	};
	objectVersion = 51;
	objects = {

/* Begin PBXBuildFile section */
		31AF62679EDDFFF0F2742E74 /* Pods_TwitterCloneApp.framework in Frameworks */ = {isa = PBXBuildFile; fileRef = 4D278390A4DD963D317518AF /* Pods_TwitterCloneApp.framework */; };
		373744182592347600E16E0C /* K.swift in Sources */ = {isa = PBXBuildFile; fileRef = 373744172592347600E16E0C /* K.swift */; };
		3737441B2592402A00E16E0C /* Tweet.swift in Sources */ = {isa = PBXBuildFile; fileRef = 3737441A2592402A00E16E0C /* Tweet.swift */; };
		37628978259233910057F832 /* GetTweetsFromApi.swift in Sources */ = {isa = PBXBuildFile; fileRef = 37628977259233910057F832 /* GetTweetsFromApi.swift */; };
		37F3C18D258F674B0029CDE7 /* AppDelegate.swift in Sources */ = {isa = PBXBuildFile; fileRef = 37F3C18C258F674B0029CDE7 /* AppDelegate.swift */; };
		37F3C18F258F674B0029CDE7 /* SceneDelegate.swift in Sources */ = {isa = PBXBuildFile; fileRef = 37F3C18E258F674B0029CDE7 /* SceneDelegate.swift */; };
		37F3C191258F674B0029CDE7 /* ViewController.swift in Sources */ = {isa = PBXBuildFile; fileRef = 37F3C190258F674B0029CDE7 /* ViewController.swift */; };
		37F3C194258F674B0029CDE7 /* Main.storyboard in Resources */ = {isa = PBXBuildFile; fileRef = 37F3C192258F674B0029CDE7 /* Main.storyboard */; };
		37F3C196258F674C0029CDE7 /* Assets.xcassets in Resources */ = {isa = PBXBuildFile; fileRef = 37F3C195258F674C0029CDE7 /* Assets.xcassets */; };
		37F3C199258F674C0029CDE7 /* LaunchScreen.storyboard in Resources */ = {isa = PBXBuildFile; fileRef = 37F3C197258F674C0029CDE7 /* LaunchScreen.storyboard */; };
		37F3C1AB258F6B470029CDE7 /* TweetCellTableViewCell.swift in Sources */ = {isa = PBXBuildFile; fileRef = 37F3C1A9258F6B470029CDE7 /* TweetCellTableViewCell.swift */; };
		37F3C1AC258F6B470029CDE7 /* TweetCellTableViewCell.xib in Resources */ = {isa = PBXBuildFile; fileRef = 37F3C1AA258F6B470029CDE7 /* TweetCellTableViewCell.xib */; };
/* End PBXBuildFile section */

/* Begin PBXFileReference section */
		373744172592347600E16E0C /* K.swift */ = {isa = PBXFileReference; lastKnownFileType = sourcecode.swift; path = K.swift; sourceTree = "<group>"; };
		3737441A2592402A00E16E0C /* Tweet.swift */ = {isa = PBXFileReference; lastKnownFileType = sourcecode.swift; path = Tweet.swift; sourceTree = "<group>"; };
		37628977259233910057F832 /* GetTweetsFromApi.swift */ = {isa = PBXFileReference; lastKnownFileType = sourcecode.swift; path = GetTweetsFromApi.swift; sourceTree = "<group>"; };
		37F3C189258F674B0029CDE7 /* TwitterCloneApp.app */ = {isa = PBXFileReference; explicitFileType = wrapper.application; includeInIndex = 0; path = TwitterCloneApp.app; sourceTree = BUILT_PRODUCTS_DIR; };
		37F3C18C258F674B0029CDE7 /* AppDelegate.swift */ = {isa = PBXFileReference; lastKnownFileType = sourcecode.swift; path = AppDelegate.swift; sourceTree = "<group>"; };
		37F3C18E258F674B0029CDE7 /* SceneDelegate.swift */ = {isa = PBXFileReference; lastKnownFileType = sourcecode.swift; path = SceneDelegate.swift; sourceTree = "<group>"; };
		37F3C190258F674B0029CDE7 /* ViewController.swift */ = {isa = PBXFileReference; lastKnownFileType = sourcecode.swift; path = ViewController.swift; sourceTree = "<group>"; };
		37F3C193258F674B0029CDE7 /* Base */ = {isa = PBXFileReference; lastKnownFileType = file.storyboard; name = Base; path = Base.lproj/Main.storyboard; sourceTree = "<group>"; };
		37F3C195258F674C0029CDE7 /* Assets.xcassets */ = {isa = PBXFileReference; lastKnownFileType = folder.assetcatalog; path = Assets.xcassets; sourceTree = "<group>"; };
		37F3C198258F674C0029CDE7 /* Base */ = {isa = PBXFileReference; lastKnownFileType = file.storyboard; name = Base; path = Base.lproj/LaunchScreen.storyboard; sourceTree = "<group>"; };
		37F3C19A258F674C0029CDE7 /* Info.plist */ = {isa = PBXFileReference; lastKnownFileType = text.plist.xml; path = Info.plist; sourceTree = "<group>"; };
		37F3C1A9258F6B470029CDE7 /* TweetCellTableViewCell.swift */ = {isa = PBXFileReference; lastKnownFileType = sourcecode.swift; path = TweetCellTableViewCell.swift; sourceTree = "<group>"; };
		37F3C1AA258F6B470029CDE7 /* TweetCellTableViewCell.xib */ = {isa = PBXFileReference; lastKnownFileType = file.xib; path = TweetCellTableViewCell.xib; sourceTree = "<group>"; };
		4D278390A4DD963D317518AF /* Pods_TwitterCloneApp.framework */ = {isa = PBXFileReference; explicitFileType = wrapper.framework; includeInIndex = 0; path = Pods_TwitterCloneApp.framework; sourceTree = BUILT_PRODUCTS_DIR; };
		A7AB69B4D856955176D63809 /* Pods-TwitterCloneApp.release.xcconfig */ = {isa = PBXFileReference; includeInIndex = 1; lastKnownFileType = text.xcconfig; name = "Pods-TwitterCloneApp.release.xcconfig"; path = "Target Support Files/Pods-TwitterCloneApp/Pods-TwitterCloneApp.release.xcconfig"; sourceTree = "<group>"; };
		B3BEB19EB015572F9A6ED519 /* Pods-TwitterCloneApp.debug.xcconfig */ = {isa = PBXFileReference; includeInIndex = 1; lastKnownFileType = text.xcconfig; name = "Pods-TwitterCloneApp.debug.xcconfig"; path = "Target Support Files/Pods-TwitterCloneApp/Pods-TwitterCloneApp.debug.xcconfig"; sourceTree = "<group>"; };
/* End PBXFileReference section */

/* Begin PBXFrameworksBuildPhase section */
		37F3C186258F674B0029CDE7 /* Frameworks */ = {
			isa = PBXFrameworksBuildPhase;
			buildActionMask = 2147483647;
			files = (
				31AF62679EDDFFF0F2742E74 /* Pods_TwitterCloneApp.framework in Frameworks */,
			);
			runOnlyForDeploymentPostprocessing = 0;
		};
/* End PBXFrameworksBuildPhase section */

/* Begin PBXGroup section */
		37F3C180258F674B0029CDE7 = {
			isa = PBXGroup;
			children = (
				37F3C18B258F674B0029CDE7 /* TwitterCloneApp */,
				37F3C18A258F674B0029CDE7 /* Products */,
				DFF65F9F532CF46C9F042D83 /* Pods */,
				FAE25F9E2913400D5268D222 /* Frameworks */,
			);
			sourceTree = "<group>";
		};
		37F3C18A258F674B0029CDE7 /* Products */ = {
			isa = PBXGroup;
			children = (
				37F3C189258F674B0029CDE7 /* TwitterCloneApp.app */,
			);
			name = Products;
			sourceTree = "<group>";
		};
		37F3C18B258F674B0029CDE7 /* TwitterCloneApp */ = {
			isa = PBXGroup;
			children = (
				37F3C18C258F674B0029CDE7 /* AppDelegate.swift */,
				37F3C18E258F674B0029CDE7 /* SceneDelegate.swift */,
				37F3C190258F674B0029CDE7 /* ViewController.swift */,
				37F3C192258F674B0029CDE7 /* Main.storyboard */,
				37F3C195258F674C0029CDE7 /* Assets.xcassets */,
				37F3C197258F674C0029CDE7 /* LaunchScreen.storyboard */,
				37F3C19A258F674C0029CDE7 /* Info.plist */,
				37F3C1A9258F6B470029CDE7 /* TweetCellTableViewCell.swift */,
				37F3C1AA258F6B470029CDE7 /* TweetCellTableViewCell.xib */,
				37628977259233910057F832 /* GetTweetsFromApi.swift */,
				373744172592347600E16E0C /* K.swift */,
				3737441A2592402A00E16E0C /* Tweet.swift */,
			);
			path = TwitterCloneApp;
			sourceTree = "<group>";
		};
		DFF65F9F532CF46C9F042D83 /* Pods */ = {
			isa = PBXGroup;
			children = (
				B3BEB19EB015572F9A6ED519 /* Pods-TwitterCloneApp.debug.xcconfig */,
				A7AB69B4D856955176D63809 /* Pods-TwitterCloneApp.release.xcconfig */,
			);
			path = Pods;
			sourceTree = "<group>";
		};
		FAE25F9E2913400D5268D222 /* Frameworks */ = {
			isa = PBXGroup;
			children = (
				4D278390A4DD963D317518AF /* Pods_TwitterCloneApp.framework */,
			);
			name = Frameworks;
			sourceTree = "<group>";
		};
/* End PBXGroup section */

/* Begin PBXNativeTarget section */
		37F3C188258F674B0029CDE7 /* TwitterCloneApp */ = {
			isa = PBXNativeTarget;
			buildConfigurationList = 37F3C19D258F674C0029CDE7 /* Build configuration list for PBXNativeTarget "TwitterCloneApp" */;
			buildPhases = (
				4CF3519CC55A82D192B12934 /* [CP] Check Pods Manifest.lock */,
				37F3C185258F674B0029CDE7 /* Sources */,
				37F3C186258F674B0029CDE7 /* Frameworks */,
				37F3C187258F674B0029CDE7 /* Resources */,
				9BAAEF638584D2D5D82A2A09 /* [CP] Embed Pods Frameworks */,
			);
			buildRules = (
			);
			dependencies = (
			);
			name = TwitterCloneApp;
			productName = TwitterCloneApp;
			productReference = 37F3C189258F674B0029CDE7 /* TwitterCloneApp.app */;
			productType = "com.apple.product-type.application";
		};
/* End PBXNativeTarget section */

/* Begin PBXProject section */
		37F3C181258F674B0029CDE7 /* Project object */ = {
			isa = PBXProject;
			attributes = {
				LastSwiftUpdateCheck = 1220;
				LastUpgradeCheck = 1220;
				TargetAttributes = {
					37F3C188258F674B0029CDE7 = {
						CreatedOnToolsVersion = 12.2;
					};
				};
			};
			buildConfigurationList = 37F3C184258F674B0029CDE7 /* Build configuration list for PBXProject "TwitterCloneApp" */;
			compatibilityVersion = "Xcode 9.3";
			developmentRegion = en;
			hasScannedForEncodings = 0;
			knownRegions = (
				en,
				Base,
			);
			mainGroup = 37F3C180258F674B0029CDE7;
			productRefGroup = 37F3C18A258F674B0029CDE7 /* Products */;
			projectDirPath = "";
			projectRoot = "";
			targets = (
				37F3C188258F674B0029CDE7 /* TwitterCloneApp */,
			);
		};
/* End PBXProject section */

/* Begin PBXResourcesBuildPhase section */
		37F3C187258F674B0029CDE7 /* Resources */ = {
			isa = PBXResourcesBuildPhase;
			buildActionMask = 2147483647;
			files = (
				37F3C199258F674C0029CDE7 /* LaunchScreen.storyboard in Resources */,
				37F3C196258F674C0029CDE7 /* Assets.xcassets in Resources */,
				37F3C194258F674B0029CDE7 /* Main.storyboard in Resources */,
				37F3C1AC258F6B470029CDE7 /* TweetCellTableViewCell.xib in Resources */,
			);
			runOnlyForDeploymentPostprocessing = 0;
		};
/* End PBXResourcesBuildPhase section */

/* Begin PBXShellScriptBuildPhase section */
		4CF3519CC55A82D192B12934 /* [CP] Check Pods Manifest.lock */ = {
			isa = PBXShellScriptBuildPhase;
			buildActionMask = 2147483647;
			files = (
			);
			inputFileListPaths = (
			);
			inputPaths = (
				"${PODS_PODFILE_DIR_PATH}/Podfile.lock",
				"${PODS_ROOT}/Manifest.lock",
			);
			name = "[CP] Check Pods Manifest.lock";
			outputFileListPaths = (
			);
			outputPaths = (
				"$(DERIVED_FILE_DIR)/Pods-TwitterCloneApp-checkManifestLockResult.txt",
			);
			runOnlyForDeploymentPostprocessing = 0;
			shellPath = /bin/sh;
			shellScript = "diff \"${PODS_PODFILE_DIR_PATH}/Podfile.lock\" \"${PODS_ROOT}/Manifest.lock\" > /dev/null\nif [ $? != 0 ] ; then\n    # print error to STDERR\n    echo \"error: The sandbox is not in sync with the Podfile.lock. Run 'pod install' or update your CocoaPods installation.\" >&2\n    exit 1\nfi\n# This output is used by Xcode 'outputs' to avoid re-running this script phase.\necho \"SUCCESS\" > \"${SCRIPT_OUTPUT_FILE_0}\"\n";
			showEnvVarsInLog = 0;
		};
		9BAAEF638584D2D5D82A2A09 /* [CP] Embed Pods Frameworks */ = {
			isa = PBXShellScriptBuildPhase;
			buildActionMask = 2147483647;
			files = (
			);
			inputFileListPaths = (
				"${PODS_ROOT}/Target Support Files/Pods-TwitterCloneApp/Pods-TwitterCloneApp-frameworks-${CONFIGURATION}-input-files.xcfilelist",
			);
			name = "[CP] Embed Pods Frameworks";
			outputFileListPaths = (
				"${PODS_ROOT}/Target Support Files/Pods-TwitterCloneApp/Pods-TwitterCloneApp-frameworks-${CONFIGURATION}-output-files.xcfilelist",
			);
			runOnlyForDeploymentPostprocessing = 0;
			shellPath = /bin/sh;
			shellScript = "\"${PODS_ROOT}/Target Support Files/Pods-TwitterCloneApp/Pods-TwitterCloneApp-frameworks.sh\"\n";
			showEnvVarsInLog = 0;
		};
/* End PBXShellScriptBuildPhase section */

/* Begin PBXSourcesBuildPhase section */
		37F3C185258F674B0029CDE7 /* Sources */ = {
			isa = PBXSourcesBuildPhase;
			buildActionMask = 2147483647;
			files = (
				37F3C191258F674B0029CDE7 /* ViewController.swift in Sources */,
				37628978259233910057F832 /* GetTweetsFromApi.swift in Sources */,
				37F3C18D258F674B0029CDE7 /* AppDelegate.swift in Sources */,
				3737441B2592402A00E16E0C /* Tweet.swift in Sources */,
				373744182592347600E16E0C /* K.swift in Sources */,
				37F3C18F258F674B0029CDE7 /* SceneDelegate.swift in Sources */,
				37F3C1AB258F6B470029CDE7 /* TweetCellTableViewCell.swift in Sources */,
			);
			runOnlyForDeploymentPostprocessing = 0;
		};
/* End PBXSourcesBuildPhase section */

/* Begin PBXVariantGroup section */
		37F3C192258F674B0029CDE7 /* Main.storyboard */ = {
			isa = PBXVariantGroup;
			children = (
				37F3C193258F674B0029CDE7 /* Base */,
			);
			name = Main.storyboard;
			sourceTree = "<group>";
		};
		37F3C197258F674C0029CDE7 /* LaunchScreen.storyboard */ = {
			isa = PBXVariantGroup;
			children = (
				37F3C198258F674C0029CDE7 /* Base */,
			);
			name = LaunchScreen.storyboard;
			sourceTree = "<group>";
		};
/* End PBXVariantGroup section */

/* Begin XCBuildConfiguration section */
		37F3C19B258F674C0029CDE7 /* Debug */ = {
			isa = XCBuildConfiguration;
			buildSettings = {
				ALWAYS_SEARCH_USER_PATHS = NO;
				CLANG_ANALYZER_NONNULL = YES;
				CLANG_ANALYZER_NUMBER_OBJECT_CONVERSION = YES_AGGRESSIVE;
				CLANG_CXX_LANGUAGE_STANDARD = "gnu++14";
				CLANG_CXX_LIBRARY = "libc++";
				CLANG_ENABLE_MODULES = YES;
				CLANG_ENABLE_OBJC_ARC = YES;
				CLANG_ENABLE_OBJC_WEAK = YES;
				CLANG_WARN_BLOCK_CAPTURE_AUTORELEASING = YES;
				CLANG_WARN_BOOL_CONVERSION = YES;
				CLANG_WARN_COMMA = YES;
				CLANG_WARN_CONSTANT_CONVERSION = YES;
				CLANG_WARN_DEPRECATED_OBJC_IMPLEMENTATIONS = YES;
				CLANG_WARN_DIRECT_OBJC_ISA_USAGE = YES_ERROR;
				CLANG_WARN_DOCUMENTATION_COMMENTS = YES;
				CLANG_WARN_EMPTY_BODY = YES;
				CLANG_WARN_ENUM_CONVERSION = YES;
				CLANG_WARN_INFINITE_RECURSION = YES;
				CLANG_WARN_INT_CONVERSION = YES;
				CLANG_WARN_NON_LITERAL_NULL_CONVERSION = YES;
				CLANG_WARN_OBJC_IMPLICIT_RETAIN_SELF = YES;
				CLANG_WARN_OBJC_LITERAL_CONVERSION = YES;
				CLANG_WARN_OBJC_ROOT_CLASS = YES_ERROR;
				CLANG_WARN_QUOTED_INCLUDE_IN_FRAMEWORK_HEADER = YES;
				CLANG_WARN_RANGE_LOOP_ANALYSIS = YES;
				CLANG_WARN_STRICT_PROTOTYPES = YES;
				CLANG_WARN_SUSPICIOUS_MOVE = YES;
				CLANG_WARN_UNGUARDED_AVAILABILITY = YES_AGGRESSIVE;
				CLANG_WARN_UNREACHABLE_CODE = YES;
				CLANG_WARN__DUPLICATE_METHOD_MATCH = YES;
				COPY_PHASE_STRIP = NO;
				DEBUG_INFORMATION_FORMAT = dwarf;
				ENABLE_STRICT_OBJC_MSGSEND = YES;
				ENABLE_TESTABILITY = YES;
				GCC_C_LANGUAGE_STANDARD = gnu11;
				GCC_DYNAMIC_NO_PIC = NO;
				GCC_NO_COMMON_BLOCKS = YES;
				GCC_OPTIMIZATION_LEVEL = 0;
				GCC_PREPROCESSOR_DEFINITIONS = (
					"DEBUG=1",
					"$(inherited)",
				);
				GCC_WARN_64_TO_32_BIT_CONVERSION = YES;
				GCC_WARN_ABOUT_RETURN_TYPE = YES_ERROR;
				GCC_WARN_UNDECLARED_SELECTOR = YES;
				GCC_WARN_UNINITIALIZED_AUTOS = YES_AGGRESSIVE;
				GCC_WARN_UNUSED_FUNCTION = YES;
				GCC_WARN_UNUSED_VARIABLE = YES;
				IPHONEOS_DEPLOYMENT_TARGET = 13.3;
				MTL_ENABLE_DEBUG_INFO = INCLUDE_SOURCE;
				MTL_FAST_MATH = YES;
				ONLY_ACTIVE_ARCH = YES;
				SDKROOT = iphoneos;
				SWIFT_ACTIVE_COMPILATION_CONDITIONS = DEBUG;
				SWIFT_OPTIMIZATION_LEVEL = "-Onone";
			};
			name = Debug;
		};
		37F3C19C258F674C0029CDE7 /* Release */ = {
			isa = XCBuildConfiguration;
			buildSettings = {
				ALWAYS_SEARCH_USER_PATHS = NO;
				CLANG_ANALYZER_NONNULL = YES;
				CLANG_ANALYZER_NUMBER_OBJECT_CONVERSION = YES_AGGRESSIVE;
				CLANG_CXX_LANGUAGE_STANDARD = "gnu++14";
				CLANG_CXX_LIBRARY = "libc++";
				CLANG_ENABLE_MODULES = YES;
				CLANG_ENABLE_OBJC_ARC = YES;
				CLANG_ENABLE_OBJC_WEAK = YES;
				CLANG_WARN_BLOCK_CAPTURE_AUTORELEASING = YES;
				CLANG_WARN_BOOL_CONVERSION = YES;
				CLANG_WARN_COMMA = YES;
				CLANG_WARN_CONSTANT_CONVERSION = YES;
				CLANG_WARN_DEPRECATED_OBJC_IMPLEMENTATIONS = YES;
				CLANG_WARN_DIRECT_OBJC_ISA_USAGE = YES_ERROR;
				CLANG_WARN_DOCUMENTATION_COMMENTS = YES;
				CLANG_WARN_EMPTY_BODY = YES;
				CLANG_WARN_ENUM_CONVERSION = YES;
				CLANG_WARN_INFINITE_RECURSION = YES;
				CLANG_WARN_INT_CONVERSION = YES;
				CLANG_WARN_NON_LITERAL_NULL_CONVERSION = YES;
				CLANG_WARN_OBJC_IMPLICIT_RETAIN_SELF = YES;
				CLANG_WARN_OBJC_LITERAL_CONVERSION = YES;
				CLANG_WARN_OBJC_ROOT_CLASS = YES_ERROR;
				CLANG_WARN_QUOTED_INCLUDE_IN_FRAMEWORK_HEADER = YES;
				CLANG_WARN_RANGE_LOOP_ANALYSIS = YES;
				CLANG_WARN_STRICT_PROTOTYPES = YES;
				CLANG_WARN_SUSPICIOUS_MOVE = YES;
				CLANG_WARN_UNGUARDED_AVAILABILITY = YES_AGGRESSIVE;
				CLANG_WARN_UNREACHABLE_CODE = YES;
				CLANG_WARN__DUPLICATE_METHOD_MATCH = YES;
				COPY_PHASE_STRIP = NO;
				DEBUG_INFORMATION_FORMAT = "dwarf-with-dsym";
				ENABLE_NS_ASSERTIONS = NO;
				ENABLE_STRICT_OBJC_MSGSEND = YES;
				GCC_C_LANGUAGE_STANDARD = gnu11;
				GCC_NO_COMMON_BLOCKS = YES;
				GCC_WARN_64_TO_32_BIT_CONVERSION = YES;
				GCC_WARN_ABOUT_RETURN_TYPE = YES_ERROR;
				GCC_WARN_UNDECLARED_SELECTOR = YES;
				GCC_WARN_UNINITIALIZED_AUTOS = YES_AGGRESSIVE;
				GCC_WARN_UNUSED_FUNCTION = YES;
				GCC_WARN_UNUSED_VARIABLE = YES;
				IPHONEOS_DEPLOYMENT_TARGET = 13.3;
				MTL_ENABLE_DEBUG_INFO = NO;
				MTL_FAST_MATH = YES;
				SDKROOT = iphoneos;
				SWIFT_COMPILATION_MODE = wholemodule;
				SWIFT_OPTIMIZATION_LEVEL = "-O";
				VALIDATE_PRODUCT = YES;
			};
			name = Release;
		};
		37F3C19E258F674C0029CDE7 /* Debug */ = {
			isa = XCBuildConfiguration;
			baseConfigurationReference = B3BEB19EB015572F9A6ED519 /* Pods-TwitterCloneApp.debug.xcconfig */;
			buildSettings = {
				ASSETCATALOG_COMPILER_APPICON_NAME = AppIcon;
				ASSETCATALOG_COMPILER_GLOBAL_ACCENT_COLOR_NAME = AccentColor;
				CODE_SIGN_STYLE = Automatic;
				DEVELOPMENT_TEAM = FWA92GQ7CG;
				INFOPLIST_FILE = TwitterCloneApp/Info.plist;
				LD_RUNPATH_SEARCH_PATHS = (
					"$(inherited)",
					"@executable_path/Frameworks",
				);
				PRODUCT_BUNDLE_IDENTIFIER = com.ShoheiShikanai.TwitterCloneApp;
				PRODUCT_NAME = "$(TARGET_NAME)";
				SWIFT_VERSION = 5.0;
				TARGETED_DEVICE_FAMILY = 1;
			};
			name = Debug;
		};
		37F3C19F258F674C0029CDE7 /* Release */ = {
			isa = XCBuildConfiguration;
			baseConfigurationReference = A7AB69B4D856955176D63809 /* Pods-TwitterCloneApp.release.xcconfig */;
			buildSettings = {
				ASSETCATALOG_COMPILER_APPICON_NAME = AppIcon;
				ASSETCATALOG_COMPILER_GLOBAL_ACCENT_COLOR_NAME = AccentColor;
				CODE_SIGN_STYLE = Automatic;
				DEVELOPMENT_TEAM = FWA92GQ7CG;
				INFOPLIST_FILE = TwitterCloneApp/Info.plist;
				LD_RUNPATH_SEARCH_PATHS = (
					"$(inherited)",
					"@executable_path/Frameworks",
				);
				PRODUCT_BUNDLE_IDENTIFIER = com.ShoheiShikanai.TwitterCloneApp;
				PRODUCT_NAME = "$(TARGET_NAME)";
				SWIFT_VERSION = 5.0;
				TARGETED_DEVICE_FAMILY = 1;
			};
			name = Release;
		};
/* End XCBuildConfiguration section */

/* Begin XCConfigurationList section */
		37F3C184258F674B0029CDE7 /* Build configuration list for PBXProject "TwitterCloneApp" */ = {
			isa = XCConfigurationList;
			buildConfigurations = (
				37F3C19B258F674C0029CDE7 /* Debug */,
				37F3C19C258F674C0029CDE7 /* Release */,
			);
			defaultConfigurationIsVisible = 0;
			defaultConfigurationName = Release;
		};
		37F3C19D258F674C0029CDE7 /* Build configuration list for PBXNativeTarget "TwitterCloneApp" */ = {
			isa = XCConfigurationList;
			buildConfigurations = (
				37F3C19E258F674C0029CDE7 /* Debug */,
				37F3C19F258F674C0029CDE7 /* Release */,
			);
			defaultConfigurationIsVisible = 0;
			defaultConfigurationName = Release;
		};
/* End XCConfigurationList section */
	};
	rootObject = 37F3C181258F674B0029CDE7 /* Project object */;
}
